PODS:
  - IQKeyboardManagerSwift (6.5.16)
  - JJFloatingActionButton (2.5.0)
  - lottie-ios (4.0.1)
  - SDWebImage (5.21.0):
    - SDWebImage/Core (= 5.21.0)
  - SDWebImage/Core (5.21.0)
  - SnapKit (5.0.1)

DEPENDENCIES:
  - IQKeyboardManagerSwift (~> 6.5)
  - JJFloatingActionButton
  - lottie-ios (~> 4.0.0)
  - SDWebImage (~> 5.0)
  - SnapKit (~> 5.0.0)

SPEC REPOS:
  trunk:
    - IQKeyboardManagerSwift
    - JJFloatingActionButton
    - lottie-ios
    - SDWebImage
    - SnapKit

SPEC CHECKSUMS:
  IQKeyboardManagerSwift: 12d89768845bb77b55cc092ecc2b1f9370f06b76
  JJFloatingActionButton: fdc3aefb0f28f04d0f988fa25d5fac97028a9ea7
  lottie-ios: 54d22edf55b839f0929cabbfe609c9aa548b1145
  SDWebImage: f84b0feeb08d2d11e6a9b843cb06d75ebf5b8868
  SnapKit: 97b92857e3df3a0c71833cce143274bf6ef8e5eb

PODFILE CHECKSUM: 80fa3cc17ae24b59ab1fff86a4b927570929bcb0

COCOAPODS: 1.16.2
